
Microsoft Visual Studio Solution File, Format Version 12.00
# Visual Studio Version 16
VisualStudioVersion = 16.0.30225.117
MinimumVisualStudioVersion = 10.0.40219.1
Project("{9A19103F-16F7-4668-BE54-9A1E7A4F7556}") = "BookListRazor", "BookListRazor.csproj", "{BB01220F-1140-4184-BDF3-BB4E2BF246BF}"
EndProject
Global
	GlobalSection(SolutionConfigurationPlatforms) = preSolution
		Debug|Any CPU = Debug|Any CPU
		Release|Any CPU = Release|Any CPU
	EndGlobalSection
	GlobalSection(ProjectConfigurationPlatforms) = postSolution
		{BB01220F-1140-4184-BDF3-BB4E2BF246BF}.Debug|Any CPU.ActiveCfg = Debug|Any CPU
		{BB01220F-1140-4184-BDF3-BB4E2BF246BF}.Debug|Any CPU.Build.0 = Debug|Any CPU
		{BB01220F-1140-4184-BDF3-BB4E2BF246BF}.Release|Any CPU.ActiveCfg = Release|Any CPU
		{BB01220F-1140-4184-BDF3-BB4E2BF246BF}.Release|Any CPU.Build.0 = Release|Any CPU
	EndGlobalSection
	GlobalSection(SolutionProperties) = preSolution
		HideSolutionNode = FALSE
	EndGlobalSection
	GlobalSection(ExtensibilityGlobals) = postSolution
		SolutionGuid = {0D00A1CE-EECA-4864-87EB-27813CFCE7DB}
	EndGlobalSection
EndGlobal
